
Microsoft Visual Studio Solution File, Format Version 12.00
# Visual Studio Version 16
VisualStudioVersion = 16.0.29102.190
MinimumVisualStudioVersion = 10.0.40219.1
Project("{8BC9CEB8-8B4A-11D0-8D11-00A0C91BC942}") = "WAPIA1", "WAPIA1\WAPIA1.vcxproj", "{EDA443C2-519E-48D4-92C7-6E6BBFFC13A8}"
EndProject
Project("{8BC9CEB8-8B4A-11D0-8D11-00A0C91BC942}") = "WAPIA1.1", "WAPIA1.1\WAPIA1.1.vcxproj", "{8073A627-83DD-4391-8FCE-7DC0F02E59A2}"
EndProject
Project("{8BC9CEB8-8B4A-11D0-8D11-00A0C91BC942}") = "WAPIA1.2", "WAPIA1.2\WAPIA1.2.vcxproj", "{E478471D-2226-4220-B960-D123B41A1ADC}"
EndProject
Project("{8BC9CEB8-8B4A-11D0-8D11-00A0C91BC942}") = "WAPIA2", "WAPIA2\WAPIA2.vcxproj", "{9B6F6D5E-4423-4A84-BBA5-3B10455621A7}"
EndProject
Project("{8BC9CEB8-8B4A-11D0-8D11-00A0C91BC942}") = "WAPIA3", "WAPIA3\WAPIA3.vcxproj", "{77A45EB0-FE9F-4E4D-8F5F-31D6F5EF2679}"
EndProject
Project("{8BC9CEB8-8B4A-11D0-8D11-00A0C91BC942}") = "WIAPIA4", "WIAPIA4\WIAPIA4.vcxproj", "{A864FF5F-8492-4EB0-B017-A6FD4CC48ACA}"
EndProject
Project("{8BC9CEB8-8B4A-11D0-8D11-00A0C91BC942}") = "WAPIA5", "WAPIA5\WAPIA5.vcxproj", "{EA996EBF-6F83-4852-AA95-26C5C86CCB7F}"
EndProject
Global
	GlobalSection(SolutionConfigurationPlatforms) = preSolution
		Debug|x64 = Debug|x64
		Debug|x86 = Debug|x86
		Release|x64 = Release|x64
		Release|x86 = Release|x86
	EndGlobalSection
	GlobalSection(ProjectConfigurationPlatforms) = postSolution
		{EDA443C2-519E-48D4-92C7-6E6BBFFC13A8}.Debug|x64.ActiveCfg = Debug|x64
		{EDA443C2-519E-48D4-92C7-6E6BBFFC13A8}.Debug|x64.Build.0 = Debug|x64
		{EDA443C2-519E-48D4-92C7-6E6BBFFC13A8}.Debug|x86.ActiveCfg = Debug|Win32
		{EDA443C2-519E-48D4-92C7-6E6BBFFC13A8}.Debug|x86.Build.0 = Debug|Win32
		{EDA443C2-519E-48D4-92C7-6E6BBFFC13A8}.Release|x64.ActiveCfg = Release|x64
		{EDA443C2-519E-48D4-92C7-6E6BBFFC13A8}.Release|x64.Build.0 = Release|x64
		{EDA443C2-519E-48D4-92C7-6E6BBFFC13A8}.Release|x86.ActiveCfg = Release|Win32
		{EDA443C2-519E-48D4-92C7-6E6BBFFC13A8}.Release|x86.Build.0 = Release|Win32
		{8073A627-83DD-4391-8FCE-7DC0F02E59A2}.Debug|x64.ActiveCfg = Debug|x64
		{8073A627-83DD-4391-8FCE-7DC0F02E59A2}.Debug|x64.Build.0 = Debug|x64
		{8073A627-83DD-4391-8FCE-7DC0F02E59A2}.Debug|x86.ActiveCfg = Debug|Win32
		{8073A627-83DD-4391-8FCE-7DC0F02E59A2}.Debug|x86.Build.0 = Debug|Win32
		{8073A627-83DD-4391-8FCE-7DC0F02E59A2}.Release|x64.ActiveCfg = Release|x64
		{8073A627-83DD-4391-8FCE-7DC0F02E59A2}.Release|x64.Build.0 = Release|x64
		{8073A627-83DD-4391-8FCE-7DC0F02E59A2}.Release|x86.ActiveCfg = Release|Win32
		{8073A627-83DD-4391-8FCE-7DC0F02E59A2}.Release|x86.Build.0 = Release|Win32
		{E478471D-2226-4220-B960-D123B41A1ADC}.Debug|x64.ActiveCfg = Debug|x64
		{E478471D-2226-4220-B960-D123B41A1ADC}.Debug|x64.Build.0 = Debug|x64
		{E478471D-2226-4220-B960-D123B41A1ADC}.Debug|x86.ActiveCfg = Debug|Win32
		{E478471D-2226-4220-B960-D123B41A1ADC}.Debug|x86.Build.0 = Debug|Win32
		{E478471D-2226-4220-B960-D123B41A1ADC}.Release|x64.ActiveCfg = Release|x64
		{E478471D-2226-4220-B960-D123B41A1ADC}.Release|x64.Build.0 = Release|x64
		{E478471D-2226-4220-B960-D123B41A1ADC}.Release|x86.ActiveCfg = Release|Win32
		{E478471D-2226-4220-B960-D123B41A1ADC}.Release|x86.Build.0 = Release|Win32
		{9B6F6D5E-4423-4A84-BBA5-3B10455621A7}.Debug|x64.ActiveCfg = Debug|x64
		{9B6F6D5E-4423-4A84-BBA5-3B10455621A7}.Debug|x64.Build.0 = Debug|x64
		{9B6F6D5E-4423-4A84-BBA5-3B10455621A7}.Debug|x86.ActiveCfg = Debug|Win32
		{9B6F6D5E-4423-4A84-BBA5-3B10455621A7}.Debug|x86.Build.0 = Debug|Win32
		{9B6F6D5E-4423-4A84-BBA5-3B10455621A7}.Release|x64.ActiveCfg = Release|x64
		{9B6F6D5E-4423-4A84-BBA5-3B10455621A7}.Release|x64.Build.0 = Release|x64
		{9B6F6D5E-4423-4A84-BBA5-3B10455621A7}.Release|x86.ActiveCfg = Release|Win32
		{9B6F6D5E-4423-4A84-BBA5-3B10455621A7}.Release|x86.Build.0 = Release|Win32
		{77A45EB0-FE9F-4E4D-8F5F-31D6F5EF2679}.Debug|x64.ActiveCfg = Debug|x64
		{77A45EB0-FE9F-4E4D-8F5F-31D6F5EF2679}.Debug|x64.Build.0 = Debug|x64
		{77A45EB0-FE9F-4E4D-8F5F-31D6F5EF2679}.Debug|x86.ActiveCfg = Debug|Win32
		{77A45EB0-FE9F-4E4D-8F5F-31D6F5EF2679}.Debug|x86.Build.0 = Debug|Win32
		{77A45EB0-FE9F-4E4D-8F5F-31D6F5EF2679}.Release|x64.ActiveCfg = Release|x64
		{77A45EB0-FE9F-4E4D-8F5F-31D6F5EF2679}.Release|x64.Build.0 = Release|x64
		{77A45EB0-FE9F-4E4D-8F5F-31D6F5EF2679}.Release|x86.ActiveCfg = Release|Win32
		{77A45EB0-FE9F-4E4D-8F5F-31D6F5EF2679}.Release|x86.Build.0 = Release|Win32
		{A864FF5F-8492-4EB0-B017-A6FD4CC48ACA}.Debug|x64.ActiveCfg = Debug|x64
		{A864FF5F-8492-4EB0-B017-A6FD4CC48ACA}.Debug|x64.Build.0 = Debug|x64
		{A864FF5F-8492-4EB0-B017-A6FD4CC48ACA}.Debug|x86.ActiveCfg = Debug|Win32
		{A864FF5F-8492-4EB0-B017-A6FD4CC48ACA}.Debug|x86.Build.0 = Debug|Win32
		{A864FF5F-8492-4EB0-B017-A6FD4CC48ACA}.Release|x64.ActiveCfg = Release|x64
		{A864FF5F-8492-4EB0-B017-A6FD4CC48ACA}.Release|x64.Build.0 = Release|x64
		{A864FF5F-8492-4EB0-B017-A6FD4CC48ACA}.Release|x86.ActiveCfg = Release|Win32
		{A864FF5F-8492-4EB0-B017-A6FD4CC48ACA}.Release|x86.Build.0 = Release|Win32
		{EA996EBF-6F83-4852-AA95-26C5C86CCB7F}.Debug|x64.ActiveCfg = Debug|x64
		{EA996EBF-6F83-4852-AA95-26C5C86CCB7F}.Debug|x64.Build.0 = Debug|x64
		{EA996EBF-6F83-4852-AA95-26C5C86CCB7F}.Debug|x86.ActiveCfg = Debug|Win32
		{EA996EBF-6F83-4852-AA95-26C5C86CCB7F}.Debug|x86.Build.0 = Debug|Win32
		{EA996EBF-6F83-4852-AA95-26C5C86CCB7F}.Release|x64.ActiveCfg = Release|x64
		{EA996EBF-6F83-4852-AA95-26C5C86CCB7F}.Release|x64.Build.0 = Release|x64
		{EA996EBF-6F83-4852-AA95-26C5C86CCB7F}.Release|x86.ActiveCfg = Release|Win32
		{EA996EBF-6F83-4852-AA95-26C5C86CCB7F}.Release|x86.Build.0 = Release|Win32
	EndGlobalSection
	GlobalSection(SolutionProperties) = preSolution
		HideSolutionNode = FALSE
	EndGlobalSection
	GlobalSection(ExtensibilityGlobals) = postSolution
		SolutionGuid = {0109EB04-C624-4CD0-BC62-58A436A02B67}
	EndGlobalSection
EndGlobal
